{
  "pins" : [
    {
      "identity" : "cwlcatchexception",
      "kind" : "remoteSourceControl",
      "location" : "https://github.com/mattgallagher/CwlCatchException.git",
      "state" : {
        "revision" : "3ef6999c73b6938cc0da422f2c912d0158abb0a0",
        "version" : "2.2.0"
      }
    },
    {
      "identity" : "cwlpreconditiontesting",
      "kind" : "remoteSourceControl",
      "location" : "https://github.com/mattgallagher/CwlPreconditionTesting.git",
      "state" : {
        "revision" : "2ef56b2caf25f55fa7eef8784c30d5a767550f54",
        "version" : "2.2.1"
      }
    },
    {
      "identity" : "flowstacks",
      "kind" : "remoteSourceControl",
      "location" : "https://github.com/johnpatrickmorgan/FlowStacks",
      "state" : {
        "branch" : "main",
        "revision" : "a2b974b81612e1e8ee3ecd757d936a2919527356"
      }
    },
    {
      "identity" : "nimble",
      "kind" : "remoteSourceControl",
      "location" : "https://github.com/Quick/Nimble",
      "state" : {
        "revision" : "1c49fc1243018f81a7ea99cb5e0985b00096e9f4",
        "version" : "13.3.0"
      }
    },
    {
      "identity" : "swift-snapshot-testing",
      "kind" : "remoteSourceControl",
      "location" : "https://github.com/pointfreeco/swift-snapshot-testing",
      "state" : {
        "revision" : "625ccca8570773dd84a34ee51a81aa2bc5a4f97a",
        "version" : "1.16.0"
      }
    },
    {
      "identity" : "swift-syntax",
      "kind" : "remoteSourceControl",
      "location" : "https://github.com/apple/swift-syntax",
      "state" : {
        "revision" : "303e5c5c36d6a558407d364878df131c3546fad8",
        "version" : "510.0.2"
      }
    },
    {
      "identity" : "swiftgenplugin",
      "kind" : "remoteSourceControl",
      "location" : "https://github.com/SwiftGen/SwiftGenPlugin",
      "state" : {
        "branch" : "stable",
        "revision" : "879b85a470cacd70c19e22eb7e11a3aed66f4068"
      }
    },
    {
      "identity" : "swiftlintplugin",
      "kind" : "remoteSourceControl",
      "location" : "https://github.com/lukepistrol/SwiftLintPlugin",
      "state" : {
        "revision" : "9ecf2bd0090663b1fb4199c0526e54d46314370e",
        "version" : "0.55.0"
      }
    },
    {
      "identity" : "xcstrings-tool-plugin",
      "kind" : "remoteSourceControl",
      "location" : "https://github.com/liamnichols/xcstrings-tool-plugin.git",
      "state" : {
        "revision" : "a0e6b3b80699d9224b3b681f13662a4c5efb1cac",
        "version" : "0.2.0"
      }
    }
  ],
  "version" : 2
}
